// !$*UTF8*$!
{
	archiveVersion = 1;
	classes = {
	};
	objectVersion = 55;
	objects = {

/* Begin PBXBuildFile section */
		9258C4DB289FAA060089A229 /* OverViewTableViewCell.swift in Sources */ = {isa = PBXBuildFile; fileRef = 9258C4D9289FAA060089A229 /* OverViewTableViewCell.swift */; };
		9258C4DC289FAA060089A229 /* OverViewTableViewCell.xib in Resources */ = {isa = PBXBuildFile; fileRef = 9258C4DA289FAA060089A229 /* OverViewTableViewCell.xib */; };
		9270A27028A41BC6009A45CD /* TMDBAPIManager.swift in Sources */ = {isa = PBXBuildFile; fileRef = 9270A26F28A41BC6009A45CD /* TMDBAPIManager.swift */; };
		92C66E04289AC9EA001EB68A /* Alamofire in Frameworks */ = {isa = PBXBuildFile; productRef = 92C66E03289AC9EA001EB68A /* Alamofire */; };
		92C66E07289AC9F7001EB68A /* SwiftyJSON in Frameworks */ = {isa = PBXBuildFile; productRef = 92C66E06289AC9F7001EB68A /* SwiftyJSON */; };
		92C66E0D289B9CEE001EB68A /* MovieDeatailTableViewCell.swift in Sources */ = {isa = PBXBuildFile; fileRef = 92C66E0B289B9CEE001EB68A /* MovieDeatailTableViewCell.swift */; };
		92C66E0E289B9CEE001EB68A /* MovieDeatailTableViewCell.xib in Resources */ = {isa = PBXBuildFile; fileRef = 92C66E0C289B9CEE001EB68A /* MovieDeatailTableViewCell.xib */; };
		92C66E14289B9DFD001EB68A /* MovieDetailViewController.swift in Sources */ = {isa = PBXBuildFile; fileRef = 92C66E13289B9DFD001EB68A /* MovieDetailViewController.swift */; };
		92C66E18289B9F2C001EB68A /* ViewPresentableProtocol.swift in Sources */ = {isa = PBXBuildFile; fileRef = 92C66E17289B9F2C001EB68A /* ViewPresentableProtocol.swift */; };
		92C66E1B289BAB64001EB68A /* MainMovieTableViewCell.swift in Sources */ = {isa = PBXBuildFile; fileRef = 92C66E19289BAB64001EB68A /* MainMovieTableViewCell.swift */; };
		92C66E1C289BAB64001EB68A /* MainMovieTableViewCell.xib in Resources */ = {isa = PBXBuildFile; fileRef = 92C66E1A289BAB64001EB68A /* MainMovieTableViewCell.xib */; };
		92C66E1F289C5355001EB68A /* Kingfisher in Frameworks */ = {isa = PBXBuildFile; productRef = 92C66E1E289C5355001EB68A /* Kingfisher */; };
		92C66E27289E3112001EB68A /* MovieInfoWebViewController.swift in Sources */ = {isa = PBXBuildFile; fileRef = 92C66E26289E3112001EB68A /* MovieInfoWebViewController.swift */; };
		92C66E29289E3D2A001EB68A /* Movie.swift in Sources */ = {isa = PBXBuildFile; fileRef = 92C66E28289E3D2A001EB68A /* Movie.swift */; };
		92E6C60F28A239E60037E689 /* CustomCollectionViewCell.swift in Sources */ = {isa = PBXBuildFile; fileRef = 92E6C60D28A239E60037E689 /* CustomCollectionViewCell.swift */; };
		92E6C61028A239E60037E689 /* CustomCollectionViewCell.xib in Resources */ = {isa = PBXBuildFile; fileRef = 92E6C60E28A239E60037E689 /* CustomCollectionViewCell.xib */; };
		92E6C61228A23BE10037E689 /* CustomView.swift in Sources */ = {isa = PBXBuildFile; fileRef = 92E6C61128A23BE10037E689 /* CustomView.swift */; };
		92E6C61428A23BF50037E689 /* CustomView.xib in Resources */ = {isa = PBXBuildFile; fileRef = 92E6C61328A23BF50037E689 /* CustomView.xib */; };
		92E6C61828A243C10037E689 /* MainViewController.swift in Sources */ = {isa = PBXBuildFile; fileRef = 92E6C61728A243C10037E689 /* MainViewController.swift */; };
		92E6C61C28A2B78F0037E689 /* MainTableViewCell.swift in Sources */ = {isa = PBXBuildFile; fileRef = 92E6C61B28A2B78F0037E689 /* MainTableViewCell.swift */; };
		92E6C62028A331770037E689 /* ReusableViewProtocol.swift in Sources */ = {isa = PBXBuildFile; fileRef = 92E6C61F28A331770037E689 /* ReusableViewProtocol.swift */; };
		92E9DF9C2899F6C6004A7A07 /* AppDelegate.swift in Sources */ = {isa = PBXBuildFile; fileRef = 92E9DF9B2899F6C6004A7A07 /* AppDelegate.swift */; };
		92E9DF9E2899F6C6004A7A07 /* SceneDelegate.swift in Sources */ = {isa = PBXBuildFile; fileRef = 92E9DF9D2899F6C6004A7A07 /* SceneDelegate.swift */; };
		92E9DFA02899F6C6004A7A07 /* ViewController.swift in Sources */ = {isa = PBXBuildFile; fileRef = 92E9DF9F2899F6C6004A7A07 /* ViewController.swift */; };
		92E9DFA32899F6C6004A7A07 /* Main.storyboard in Resources */ = {isa = PBXBuildFile; fileRef = 92E9DFA12899F6C6004A7A07 /* Main.storyboard */; };
		92E9DFA52899F6C7004A7A07 /* Assets.xcassets in Resources */ = {isa = PBXBuildFile; fileRef = 92E9DFA42899F6C7004A7A07 /* Assets.xcassets */; };
		92E9DFA82899F6C7004A7A07 /* LaunchScreen.storyboard in Resources */ = {isa = PBXBuildFile; fileRef = 92E9DFA62899F6C7004A7A07 /* LaunchScreen.storyboard */; };
		92E9DFB02899F7D2004A7A07 /* .gitignore in Resources */ = {isa = PBXBuildFile; fileRef = 92E9DFAF2899F7D2004A7A07 /* .gitignore */; };
		92E9DFB22899F83B004A7A07 /* SearchViewController.swift in Sources */ = {isa = PBXBuildFile; fileRef = 92E9DFB12899F83B004A7A07 /* SearchViewController.swift */; };
		92E9DFB42899F88D004A7A07 /* APIKey.swift in Sources */ = {isa = PBXBuildFile; fileRef = 92E9DFB32899F88D004A7A07 /* APIKey.swift */; };
		92E9DFB62899F9BC004A7A07 /* Constant.swift in Sources */ = {isa = PBXBuildFile; fileRef = 92E9DFB52899F9BC004A7A07 /* Constant.swift */; };
/* End PBXBuildFile section */

/* Begin PBXFileReference section */
		9258C4D9289FAA060089A229 /* OverViewTableViewCell.swift */ = {isa = PBXFileReference; lastKnownFileType = sourcecode.swift; path = OverViewTableViewCell.swift; sourceTree = "<group>"; };
		9258C4DA289FAA060089A229 /* OverViewTableViewCell.xib */ = {isa = PBXFileReference; lastKnownFileType = file.xib; path = OverViewTableViewCell.xib; sourceTree = "<group>"; };
		9270A26F28A41BC6009A45CD /* TMDBAPIManager.swift */ = {isa = PBXFileReference; lastKnownFileType = sourcecode.swift; path = TMDBAPIManager.swift; sourceTree = "<group>"; };
		92C66E0B289B9CEE001EB68A /* MovieDeatailTableViewCell.swift */ = {isa = PBXFileReference; lastKnownFileType = sourcecode.swift; path = MovieDeatailTableViewCell.swift; sourceTree = "<group>"; };
		92C66E0C289B9CEE001EB68A /* MovieDeatailTableViewCell.xib */ = {isa = PBXFileReference; lastKnownFileType = file.xib; path = MovieDeatailTableViewCell.xib; sourceTree = "<group>"; };
		92C66E13289B9DFD001EB68A /* MovieDetailViewController.swift */ = {isa = PBXFileReference; lastKnownFileType = sourcecode.swift; name = MovieDetailViewController.swift; path = SeSACTMDBProject/MovieDetailViewController.swift; sourceTree = SOURCE_ROOT; };
		92C66E17289B9F2C001EB68A /* ViewPresentableProtocol.swift */ = {isa = PBXFileReference; lastKnownFileType = sourcecode.swift; path = ViewPresentableProtocol.swift; sourceTree = "<group>"; };
		92C66E19289BAB64001EB68A /* MainMovieTableViewCell.swift */ = {isa = PBXFileReference; lastKnownFileType = sourcecode.swift; path = MainMovieTableViewCell.swift; sourceTree = "<group>"; };
		92C66E1A289BAB64001EB68A /* MainMovieTableViewCell.xib */ = {isa = PBXFileReference; lastKnownFileType = file.xib; path = MainMovieTableViewCell.xib; sourceTree = "<group>"; };
		92C66E26289E3112001EB68A /* MovieInfoWebViewController.swift */ = {isa = PBXFileReference; lastKnownFileType = sourcecode.swift; path = MovieInfoWebViewController.swift; sourceTree = SOURCE_ROOT; };
		92C66E28289E3D2A001EB68A /* Movie.swift */ = {isa = PBXFileReference; lastKnownFileType = sourcecode.swift; path = Movie.swift; sourceTree = "<group>"; };
		92E6C60D28A239E60037E689 /* CustomCollectionViewCell.swift */ = {isa = PBXFileReference; lastKnownFileType = sourcecode.swift; path = CustomCollectionViewCell.swift; sourceTree = "<group>"; };
		92E6C60E28A239E60037E689 /* CustomCollectionViewCell.xib */ = {isa = PBXFileReference; lastKnownFileType = file.xib; path = CustomCollectionViewCell.xib; sourceTree = "<group>"; };
		92E6C61128A23BE10037E689 /* CustomView.swift */ = {isa = PBXFileReference; lastKnownFileType = sourcecode.swift; path = CustomView.swift; sourceTree = "<group>"; };
		92E6C61328A23BF50037E689 /* CustomView.xib */ = {isa = PBXFileReference; lastKnownFileType = file.xib; path = CustomView.xib; sourceTree = "<group>"; };
		92E6C61728A243C10037E689 /* MainViewController.swift */ = {isa = PBXFileReference; lastKnownFileType = sourcecode.swift; path = MainViewController.swift; sourceTree = "<group>"; };
		92E6C61B28A2B78F0037E689 /* MainTableViewCell.swift */ = {isa = PBXFileReference; lastKnownFileType = sourcecode.swift; path = MainTableViewCell.swift; sourceTree = "<group>"; };
		92E6C61F28A331770037E689 /* ReusableViewProtocol.swift */ = {isa = PBXFileReference; lastKnownFileType = sourcecode.swift; path = ReusableViewProtocol.swift; sourceTree = "<group>"; };
		92E9DF982899F6C6004A7A07 /* SeSACTMDBProject.app */ = {isa = PBXFileReference; explicitFileType = wrapper.application; includeInIndex = 0; path = SeSACTMDBProject.app; sourceTree = BUILT_PRODUCTS_DIR; };
		92E9DF9B2899F6C6004A7A07 /* AppDelegate.swift */ = {isa = PBXFileReference; lastKnownFileType = sourcecode.swift; path = AppDelegate.swift; sourceTree = "<group>"; };
		92E9DF9D2899F6C6004A7A07 /* SceneDelegate.swift */ = {isa = PBXFileReference; lastKnownFileType = sourcecode.swift; path = SceneDelegate.swift; sourceTree = "<group>"; };
		92E9DF9F2899F6C6004A7A07 /* ViewController.swift */ = {isa = PBXFileReference; lastKnownFileType = sourcecode.swift; path = ViewController.swift; sourceTree = "<group>"; };
		92E9DFA22899F6C6004A7A07 /* Base */ = {isa = PBXFileReference; lastKnownFileType = file.storyboard; name = Base; path = Base.lproj/Main.storyboard; sourceTree = "<group>"; };
		92E9DFA42899F6C7004A7A07 /* Assets.xcassets */ = {isa = PBXFileReference; lastKnownFileType = folder.assetcatalog; path = Assets.xcassets; sourceTree = "<group>"; };
		92E9DFA72899F6C7004A7A07 /* Base */ = {isa = PBXFileReference; lastKnownFileType = file.storyboard; name = Base; path = Base.lproj/LaunchScreen.storyboard; sourceTree = "<group>"; };
		92E9DFA92899F6C7004A7A07 /* Info.plist */ = {isa = PBXFileReference; lastKnownFileType = text.plist.xml; path = Info.plist; sourceTree = "<group>"; };
		92E9DFAF2899F7D2004A7A07 /* .gitignore */ = {isa = PBXFileReference; lastKnownFileType = text; path = .gitignore; sourceTree = "<group>"; };
		92E9DFB12899F83B004A7A07 /* SearchViewController.swift */ = {isa = PBXFileReference; lastKnownFileType = sourcecode.swift; path = SearchViewController.swift; sourceTree = "<group>"; };
		92E9DFB32899F88D004A7A07 /* APIKey.swift */ = {isa = PBXFileReference; lastKnownFileType = sourcecode.swift; path = APIKey.swift; sourceTree = "<group>"; };
		92E9DFB52899F9BC004A7A07 /* Constant.swift */ = {isa = PBXFileReference; lastKnownFileType = sourcecode.swift; path = Constant.swift; sourceTree = "<group>"; };
/* End PBXFileReference section */

/* Begin PBXFrameworksBuildPhase section */
		92E9DF952899F6C6004A7A07 /* Frameworks */ = {
			isa = PBXFrameworksBuildPhase;
			buildActionMask = 2147483647;
			files = (
				92C66E1F289C5355001EB68A /* Kingfisher in Frameworks */,
				92C66E07289AC9F7001EB68A /* SwiftyJSON in Frameworks */,
				92C66E04289AC9EA001EB68A /* Alamofire in Frameworks */,
			);
			runOnlyForDeploymentPostprocessing = 0;
		};
/* End PBXFrameworksBuildPhase section */

/* Begin PBXGroup section */
		92C66E0F289B9CF5001EB68A /* Cell */ = {
			isa = PBXGroup;
			children = (
				92C66E0B289B9CEE001EB68A /* MovieDeatailTableViewCell.swift */,
				92C66E0C289B9CEE001EB68A /* MovieDeatailTableViewCell.xib */,
				92C66E19289BAB64001EB68A /* MainMovieTableViewCell.swift */,
				92C66E1A289BAB64001EB68A /* MainMovieTableViewCell.xib */,
				9258C4D9289FAA060089A229 /* OverViewTableViewCell.swift */,
				9258C4DA289FAA060089A229 /* OverViewTableViewCell.xib */,
				92E6C60D28A239E60037E689 /* CustomCollectionViewCell.swift */,
				92E6C60E28A239E60037E689 /* CustomCollectionViewCell.xib */,
				92E6C61128A23BE10037E689 /* CustomView.swift */,
				92E6C61328A23BF50037E689 /* CustomView.xib */,
				92E6C61B28A2B78F0037E689 /* MainTableViewCell.swift */,
			);
			path = Cell;
			sourceTree = "<group>";
		};
		92C66E10289B9CFB001EB68A /* Controller */ = {
			isa = PBXGroup;
			children = (
				92E6C61728A243C10037E689 /* MainViewController.swift */,
				92C66E26289E3112001EB68A /* MovieInfoWebViewController.swift */,
				92C66E13289B9DFD001EB68A /* MovieDetailViewController.swift */,
				92E9DF9F2899F6C6004A7A07 /* ViewController.swift */,
				92E9DFB12899F83B004A7A07 /* SearchViewController.swift */,
			);
			path = Controller;
			sourceTree = "<group>";
		};
		92C66E11289B9D04001EB68A /* Protocol */ = {
			isa = PBXGroup;
			children = (
				92C66E17289B9F2C001EB68A /* ViewPresentableProtocol.swift */,
				92E6C61F28A331770037E689 /* ReusableViewProtocol.swift */,
			);
			path = Protocol;
			sourceTree = "<group>";
		};
		92C66E12289B9D0B001EB68A /* Constant */ = {
			isa = PBXGroup;
			children = (
				92E9DFB32899F88D004A7A07 /* APIKey.swift */,
				92E9DFB52899F9BC004A7A07 /* Constant.swift */,
				9270A26F28A41BC6009A45CD /* TMDBAPIManager.swift */,
			);
			path = Constant;
			sourceTree = "<group>";
		};
		92E9DF8F2899F6C6004A7A07 = {
			isa = PBXGroup;
			children = (
				92E9DFAF2899F7D2004A7A07 /* .gitignore */,
				92E9DF9A2899F6C6004A7A07 /* SeSACTMDBProject */,
				92E9DF992899F6C6004A7A07 /* Products */,
			);
			sourceTree = "<group>";
		};
		92E9DF992899F6C6004A7A07 /* Products */ = {
			isa = PBXGroup;
			children = (
				92E9DF982899F6C6004A7A07 /* SeSACTMDBProject.app */,
			);
			name = Products;
			sourceTree = "<group>";
		};
		92E9DF9A2899F6C6004A7A07 /* SeSACTMDBProject */ = {
			isa = PBXGroup;
			children = (
				92C66E28289E3D2A001EB68A /* Movie.swift */,
				92C66E12289B9D0B001EB68A /* Constant */,
				92C66E11289B9D04001EB68A /* Protocol */,
				92C66E10289B9CFB001EB68A /* Controller */,
				92C66E0F289B9CF5001EB68A /* Cell */,
				92E9DF9B2899F6C6004A7A07 /* AppDelegate.swift */,
				92E9DF9D2899F6C6004A7A07 /* SceneDelegate.swift */,
				92E9DFA12899F6C6004A7A07 /* Main.storyboard */,
				92E9DFA42899F6C7004A7A07 /* Assets.xcassets */,
				92E9DFA62899F6C7004A7A07 /* LaunchScreen.storyboard */,
				92E9DFA92899F6C7004A7A07 /* Info.plist */,
			);
			path = SeSACTMDBProject;
			sourceTree = "<group>";
		};
/* End PBXGroup section */

/* Begin PBXNativeTarget section */
		92E9DF972899F6C6004A7A07 /* SeSACTMDBProject */ = {
			isa = PBXNativeTarget;
			buildConfigurationList = 92E9DFAC2899F6C7004A7A07 /* Build configuration list for PBXNativeTarget "SeSACTMDBProject" */;
			buildPhases = (
				92E9DF942899F6C6004A7A07 /* Sources */,
				92E9DF952899F6C6004A7A07 /* Frameworks */,
				92E9DF962899F6C6004A7A07 /* Resources */,
			);
			buildRules = (
			);
			dependencies = (
			);
			name = SeSACTMDBProject;
			packageProductDependencies = (
				92C66E03289AC9EA001EB68A /* Alamofire */,
				92C66E06289AC9F7001EB68A /* SwiftyJSON */,
				92C66E1E289C5355001EB68A /* Kingfisher */,
			);
			productName = SeSACTMDBProject;
			productReference = 92E9DF982899F6C6004A7A07 /* SeSACTMDBProject.app */;
			productType = "com.apple.product-type.application";
		};
/* End PBXNativeTarget section */

/* Begin PBXProject section */
		92E9DF902899F6C6004A7A07 /* Project object */ = {
			isa = PBXProject;
			attributes = {
				BuildIndependentTargetsInParallel = 1;
				LastSwiftUpdateCheck = 1340;
				LastUpgradeCheck = 1340;
				TargetAttributes = {
					92E9DF972899F6C6004A7A07 = {
						CreatedOnToolsVersion = 13.4.1;
					};
				};
			};
			buildConfigurationList = 92E9DF932899F6C6004A7A07 /* Build configuration list for PBXProject "SeSACTMDBProject" */;
			compatibilityVersion = "Xcode 13.0";
			developmentRegion = en;
			hasScannedForEncodings = 0;
			knownRegions = (
				en,
				Base,
			);
			mainGroup = 92E9DF8F2899F6C6004A7A07;
			packageReferences = (
				92C66E02289AC9EA001EB68A /* XCRemoteSwiftPackageReference "Alamofire" */,
				92C66E05289AC9F7001EB68A /* XCRemoteSwiftPackageReference "SwiftyJSON" */,
				92C66E1D289C5355001EB68A /* XCRemoteSwiftPackageReference "Kingfisher" */,
			);
			productRefGroup = 92E9DF992899F6C6004A7A07 /* Products */;
			projectDirPath = "";
			projectRoot = "";
			targets = (
				92E9DF972899F6C6004A7A07 /* SeSACTMDBProject */,
			);
		};
/* End PBXProject section */

/* Begin PBXResourcesBuildPhase section */
		92E9DF962899F6C6004A7A07 /* Resources */ = {
			isa = PBXResourcesBuildPhase;
			buildActionMask = 2147483647;
			files = (
				9258C4DC289FAA060089A229 /* OverViewTableViewCell.xib in Resources */,
				92E9DFB02899F7D2004A7A07 /* .gitignore in Resources */,
				92C66E0E289B9CEE001EB68A /* MovieDeatailTableViewCell.xib in Resources */,
				92E9DFA82899F6C7004A7A07 /* LaunchScreen.storyboard in Resources */,
				92E9DFA52899F6C7004A7A07 /* Assets.xcassets in Resources */,
				92E6C61428A23BF50037E689 /* CustomView.xib in Resources */,
				92E9DFA32899F6C6004A7A07 /* Main.storyboard in Resources */,
				92C66E1C289BAB64001EB68A /* MainMovieTableViewCell.xib in Resources */,
				92E6C61028A239E60037E689 /* CustomCollectionViewCell.xib in Resources */,
			);
			runOnlyForDeploymentPostprocessing = 0;
		};
/* End PBXResourcesBuildPhase section */

/* Begin PBXSourcesBuildPhase section */
		92E9DF942899F6C6004A7A07 /* Sources */ = {
			isa = PBXSourcesBuildPhase;
			buildActionMask = 2147483647;
			files = (
				92E6C62028A331770037E689 /* ReusableViewProtocol.swift in Sources */,
				9258C4DB289FAA060089A229 /* OverViewTableViewCell.swift in Sources */,
				92E6C61228A23BE10037E689 /* CustomView.swift in Sources */,
				92E6C60F28A239E60037E689 /* CustomCollectionViewCell.swift in Sources */,
				92E9DFA02899F6C6004A7A07 /* ViewController.swift in Sources */,
				92C66E1B289BAB64001EB68A /* MainMovieTableViewCell.swift in Sources */,
				92E9DF9C2899F6C6004A7A07 /* AppDelegate.swift in Sources */,
				92C66E18289B9F2C001EB68A /* ViewPresentableProtocol.swift in Sources */,
				92E6C61828A243C10037E689 /* MainViewController.swift in Sources */,
				92E9DFB22899F83B004A7A07 /* SearchViewController.swift in Sources */,
				92E6C61C28A2B78F0037E689 /* MainTableViewCell.swift in Sources */,
				9270A27028A41BC6009A45CD /* TMDBAPIManager.swift in Sources */,
				92E9DF9E2899F6C6004A7A07 /* SceneDelegate.swift in Sources */,
				92C66E14289B9DFD001EB68A /* MovieDetailViewController.swift in Sources */,
				92C66E29289E3D2A001EB68A /* Movie.swift in Sources */,
				92C66E27289E3112001EB68A /* MovieInfoWebViewController.swift in Sources */,
				92E9DFB42899F88D004A7A07 /* APIKey.swift in Sources */,
				92E9DFB62899F9BC004A7A07 /* Constant.swift in Sources */,
				92C66E0D289B9CEE001EB68A /* MovieDeatailTableViewCell.swift in Sources */,
			);
			runOnlyForDeploymentPostprocessing = 0;
		};
/* End PBXSourcesBuildPhase section */

/* Begin PBXVariantGroup section */
		92E9DFA12899F6C6004A7A07 /* Main.storyboard */ = {
			isa = PBXVariantGroup;
			children = (
				92E9DFA22899F6C6004A7A07 /* Base */,
			);
			name = Main.storyboard;
			sourceTree = "<group>";
		};
		92E9DFA62899F6C7004A7A07 /* LaunchScreen.storyboard */ = {
			isa = PBXVariantGroup;
			children = (
				92E9DFA72899F6C7004A7A07 /* Base */,
			);
			name = LaunchScreen.storyboard;
			sourceTree = "<group>";
		};
/* End PBXVariantGroup section */

/* Begin XCBuildConfiguration section */
		92E9DFAA2899F6C7004A7A07 /* Debug */ = {
			isa = XCBuildConfiguration;
			buildSettings = {
				ALWAYS_SEARCH_USER_PATHS = NO;
				CLANG_ANALYZER_NONNULL = YES;
				CLANG_ANALYZER_NUMBER_OBJECT_CONVERSION = YES_AGGRESSIVE;
				CLANG_CXX_LANGUAGE_STANDARD = "gnu++17";
				CLANG_ENABLE_MODULES = YES;
				CLANG_ENABLE_OBJC_ARC = YES;
				CLANG_ENABLE_OBJC_WEAK = YES;
				CLANG_WARN_BLOCK_CAPTURE_AUTORELEASING = YES;
				CLANG_WARN_BOOL_CONVERSION = YES;
				CLANG_WARN_COMMA = YES;
				CLANG_WARN_CONSTANT_CONVERSION = YES;
				CLANG_WARN_DEPRECATED_OBJC_IMPLEMENTATIONS = YES;
				CLANG_WARN_DIRECT_OBJC_ISA_USAGE = YES_ERROR;
				CLANG_WARN_DOCUMENTATION_COMMENTS = YES;
				CLANG_WARN_EMPTY_BODY = YES;
				CLANG_WARN_ENUM_CONVERSION = YES;
				CLANG_WARN_INFINITE_RECURSION = YES;
				CLANG_WARN_INT_CONVERSION = YES;
				CLANG_WARN_NON_LITERAL_NULL_CONVERSION = YES;
				CLANG_WARN_OBJC_IMPLICIT_RETAIN_SELF = YES;
				CLANG_WARN_OBJC_LITERAL_CONVERSION = YES;
				CLANG_WARN_OBJC_ROOT_CLASS = YES_ERROR;
				CLANG_WARN_QUOTED_INCLUDE_IN_FRAMEWORK_HEADER = YES;
				CLANG_WARN_RANGE_LOOP_ANALYSIS = YES;
				CLANG_WARN_STRICT_PROTOTYPES = YES;
				CLANG_WARN_SUSPICIOUS_MOVE = YES;
				CLANG_WARN_UNGUARDED_AVAILABILITY = YES_AGGRESSIVE;
				CLANG_WARN_UNREACHABLE_CODE = YES;
				CLANG_WARN__DUPLICATE_METHOD_MATCH = YES;
				COPY_PHASE_STRIP = NO;
				DEBUG_INFORMATION_FORMAT = dwarf;
				ENABLE_STRICT_OBJC_MSGSEND = YES;
				ENABLE_TESTABILITY = YES;
				GCC_C_LANGUAGE_STANDARD = gnu11;
				GCC_DYNAMIC_NO_PIC = NO;
				GCC_NO_COMMON_BLOCKS = YES;
				GCC_OPTIMIZATION_LEVEL = 0;
				GCC_PREPROCESSOR_DEFINITIONS = (
					"DEBUG=1",
					"$(inherited)",
				);
				GCC_WARN_64_TO_32_BIT_CONVERSION = YES;
				GCC_WARN_ABOUT_RETURN_TYPE = YES_ERROR;
				GCC_WARN_UNDECLARED_SELECTOR = YES;
				GCC_WARN_UNINITIALIZED_AUTOS = YES_AGGRESSIVE;
				GCC_WARN_UNUSED_FUNCTION = YES;
				GCC_WARN_UNUSED_VARIABLE = YES;
				IPHONEOS_DEPLOYMENT_TARGET = 15.5;
				MTL_ENABLE_DEBUG_INFO = INCLUDE_SOURCE;
				MTL_FAST_MATH = YES;
				ONLY_ACTIVE_ARCH = YES;
				SDKROOT = iphoneos;
				SWIFT_ACTIVE_COMPILATION_CONDITIONS = DEBUG;
				SWIFT_OPTIMIZATION_LEVEL = "-Onone";
			};
			name = Debug;
		};
		92E9DFAB2899F6C7004A7A07 /* Release */ = {
			isa = XCBuildConfiguration;
			buildSettings = {
				ALWAYS_SEARCH_USER_PATHS = NO;
				CLANG_ANALYZER_NONNULL = YES;
				CLANG_ANALYZER_NUMBER_OBJECT_CONVERSION = YES_AGGRESSIVE;
				CLANG_CXX_LANGUAGE_STANDARD = "gnu++17";
				CLANG_ENABLE_MODULES = YES;
				CLANG_ENABLE_OBJC_ARC = YES;
				CLANG_ENABLE_OBJC_WEAK = YES;
				CLANG_WARN_BLOCK_CAPTURE_AUTORELEASING = YES;
				CLANG_WARN_BOOL_CONVERSION = YES;
				CLANG_WARN_COMMA = YES;
				CLANG_WARN_CONSTANT_CONVERSION = YES;
				CLANG_WARN_DEPRECATED_OBJC_IMPLEMENTATIONS = YES;
				CLANG_WARN_DIRECT_OBJC_ISA_USAGE = YES_ERROR;
				CLANG_WARN_DOCUMENTATION_COMMENTS = YES;
				CLANG_WARN_EMPTY_BODY = YES;
				CLANG_WARN_ENUM_CONVERSION = YES;
				CLANG_WARN_INFINITE_RECURSION = YES;
				CLANG_WARN_INT_CONVERSION = YES;
				CLANG_WARN_NON_LITERAL_NULL_CONVERSION = YES;
				CLANG_WARN_OBJC_IMPLICIT_RETAIN_SELF = YES;
				CLANG_WARN_OBJC_LITERAL_CONVERSION = YES;
				CLANG_WARN_OBJC_ROOT_CLASS = YES_ERROR;
				CLANG_WARN_QUOTED_INCLUDE_IN_FRAMEWORK_HEADER = YES;
				CLANG_WARN_RANGE_LOOP_ANALYSIS = YES;
				CLANG_WARN_STRICT_PROTOTYPES = YES;
				CLANG_WARN_SUSPICIOUS_MOVE = YES;
				CLANG_WARN_UNGUARDED_AVAILABILITY = YES_AGGRESSIVE;
				CLANG_WARN_UNREACHABLE_CODE = YES;
				CLANG_WARN__DUPLICATE_METHOD_MATCH = YES;
				COPY_PHASE_STRIP = NO;
				DEBUG_INFORMATION_FORMAT = "dwarf-with-dsym";
				ENABLE_NS_ASSERTIONS = NO;
				ENABLE_STRICT_OBJC_MSGSEND = YES;
				GCC_C_LANGUAGE_STANDARD = gnu11;
				GCC_NO_COMMON_BLOCKS = YES;
				GCC_WARN_64_TO_32_BIT_CONVERSION = YES;
				GCC_WARN_ABOUT_RETURN_TYPE = YES_ERROR;
				GCC_WARN_UNDECLARED_SELECTOR = YES;
				GCC_WARN_UNINITIALIZED_AUTOS = YES_AGGRESSIVE;
				GCC_WARN_UNUSED_FUNCTION = YES;
				GCC_WARN_UNUSED_VARIABLE = YES;
				IPHONEOS_DEPLOYMENT_TARGET = 15.5;
				MTL_ENABLE_DEBUG_INFO = NO;
				MTL_FAST_MATH = YES;
				SDKROOT = iphoneos;
				SWIFT_COMPILATION_MODE = wholemodule;
				SWIFT_OPTIMIZATION_LEVEL = "-O";
				VALIDATE_PRODUCT = YES;
			};
			name = Release;
		};
		92E9DFAD2899F6C7004A7A07 /* Debug */ = {
			isa = XCBuildConfiguration;
			buildSettings = {
				ASSETCATALOG_COMPILER_APPICON_NAME = AppIcon;
				ASSETCATALOG_COMPILER_GLOBAL_ACCENT_COLOR_NAME = AccentColor;
				CODE_SIGN_STYLE = Automatic;
				CURRENT_PROJECT_VERSION = 1;
				DEVELOPMENT_TEAM = 3S825CN62V;
				GENERATE_INFOPLIST_FILE = YES;
				INFOPLIST_FILE = SeSACTMDBProject/Info.plist;
				INFOPLIST_KEY_UIApplicationSupportsIndirectInputEvents = YES;
				INFOPLIST_KEY_UILaunchStoryboardName = LaunchScreen;
				INFOPLIST_KEY_UIMainStoryboardFile = Main;
				INFOPLIST_KEY_UISupportedInterfaceOrientations_iPad = "UIInterfaceOrientationPortrait UIInterfaceOrientationPortraitUpsideDown UIInterfaceOrientationLandscapeLeft UIInterfaceOrientationLandscapeRight";
				INFOPLIST_KEY_UISupportedInterfaceOrientations_iPhone = "UIInterfaceOrientationPortrait UIInterfaceOrientationLandscapeLeft UIInterfaceOrientationLandscapeRight";
				LD_RUNPATH_SEARCH_PATHS = (
					"$(inherited)",
					"@executable_path/Frameworks",
				);
				MARKETING_VERSION = 1.0;
				PRODUCT_BUNDLE_IDENTIFIER = com.kidult.SeSACTMDBProject;
				PRODUCT_NAME = "$(TARGET_NAME)";
				SWIFT_EMIT_LOC_STRINGS = YES;
				SWIFT_VERSION = 5.0;
				TARGETED_DEVICE_FAMILY = "1,2";
			};
			name = Debug;
		};
		92E9DFAE2899F6C7004A7A07 /* Release */ = {
			isa = XCBuildConfiguration;
			buildSettings = {
				ASSETCATALOG_COMPILER_APPICON_NAME = AppIcon;
				ASSETCATALOG_COMPILER_GLOBAL_ACCENT_COLOR_NAME = AccentColor;
				CODE_SIGN_STYLE = Automatic;
				CURRENT_PROJECT_VERSION = 1;
				DEVELOPMENT_TEAM = 3S825CN62V;
				GENERATE_INFOPLIST_FILE = YES;
				INFOPLIST_FILE = SeSACTMDBProject/Info.plist;
				INFOPLIST_KEY_UIApplicationSupportsIndirectInputEvents = YES;
				INFOPLIST_KEY_UILaunchStoryboardName = LaunchScreen;
				INFOPLIST_KEY_UIMainStoryboardFile = Main;
				INFOPLIST_KEY_UISupportedInterfaceOrientations_iPad = "UIInterfaceOrientationPortrait UIInterfaceOrientationPortraitUpsideDown UIInterfaceOrientationLandscapeLeft UIInterfaceOrientationLandscapeRight";
				INFOPLIST_KEY_UISupportedInterfaceOrientations_iPhone = "UIInterfaceOrientationPortrait UIInterfaceOrientationLandscapeLeft UIInterfaceOrientationLandscapeRight";
				LD_RUNPATH_SEARCH_PATHS = (
					"$(inherited)",
					"@executable_path/Frameworks",
				);
				MARKETING_VERSION = 1.0;
				PRODUCT_BUNDLE_IDENTIFIER = com.kidult.SeSACTMDBProject;
				PRODUCT_NAME = "$(TARGET_NAME)";
				SWIFT_EMIT_LOC_STRINGS = YES;
				SWIFT_VERSION = 5.0;
				TARGETED_DEVICE_FAMILY = "1,2";
			};
			name = Release;
		};
/* End XCBuildConfiguration section */

/* Begin XCConfigurationList section */
		92E9DF932899F6C6004A7A07 /* Build configuration list for PBXProject "SeSACTMDBProject" */ = {
			isa = XCConfigurationList;
			buildConfigurations = (
				92E9DFAA2899F6C7004A7A07 /* Debug */,
				92E9DFAB2899F6C7004A7A07 /* Release */,
			);
			defaultConfigurationIsVisible = 0;
			defaultConfigurationName = Release;
		};
		92E9DFAC2899F6C7004A7A07 /* Build configuration list for PBXNativeTarget "SeSACTMDBProject" */ = {
			isa = XCConfigurationList;
			buildConfigurations = (
				92E9DFAD2899F6C7004A7A07 /* Debug */,
				92E9DFAE2899F6C7004A7A07 /* Release */,
			);
			defaultConfigurationIsVisible = 0;
			defaultConfigurationName = Release;
		};
/* End XCConfigurationList section */

/* Begin XCRemoteSwiftPackageReference section */
		92C66E02289AC9EA001EB68A /* XCRemoteSwiftPackageReference "Alamofire" */ = {
			isa = XCRemoteSwiftPackageReference;
			repositoryURL = "https://github.com/Alamofire/Alamofire.git";
			requirement = {
				kind = upToNextMajorVersion;
				minimumVersion = 5.0.0;
			};
		};
		92C66E05289AC9F7001EB68A /* XCRemoteSwiftPackageReference "SwiftyJSON" */ = {
			isa = XCRemoteSwiftPackageReference;
			repositoryURL = "https://github.com/SwiftyJSON/SwiftyJSON.git";
			requirement = {
				kind = upToNextMajorVersion;
				minimumVersion = 5.0.0;
			};
		};
		92C66E1D289C5355001EB68A /* XCRemoteSwiftPackageReference "Kingfisher" */ = {
			isa = XCRemoteSwiftPackageReference;
			repositoryURL = "https://github.com/onevcat/Kingfisher.git";
			requirement = {
				kind = upToNextMajorVersion;
				minimumVersion = 7.0.0;
			};
		};
/* End XCRemoteSwiftPackageReference section */

/* Begin XCSwiftPackageProductDependency section */
		92C66E03289AC9EA001EB68A /* Alamofire */ = {
			isa = XCSwiftPackageProductDependency;
			package = 92C66E02289AC9EA001EB68A /* XCRemoteSwiftPackageReference "Alamofire" */;
			productName = Alamofire;
		};
		92C66E06289AC9F7001EB68A /* SwiftyJSON */ = {
			isa = XCSwiftPackageProductDependency;
			package = 92C66E05289AC9F7001EB68A /* XCRemoteSwiftPackageReference "SwiftyJSON" */;
			productName = SwiftyJSON;
		};
		92C66E1E289C5355001EB68A /* Kingfisher */ = {
			isa = XCSwiftPackageProductDependency;
			package = 92C66E1D289C5355001EB68A /* XCRemoteSwiftPackageReference "Kingfisher" */;
			productName = Kingfisher;
		};
/* End XCSwiftPackageProductDependency section */
	};
	rootObject = 92E9DF902899F6C6004A7A07 /* Project object */;
}
